# THIS IS AN AUTOGENERATED FILE. DO NOT EDIT THIS FILE DIRECTLY.
# yarn lockfile v1


"@types/json-schema@^7.0.9":
  version "7.0.11"
  resolved "https://registry.yarnpkg.com/@types/json-schema/-/json-schema-7.0.11.tgz#d421b6c527a3037f7c84433fd2c4229e016863d3"
  integrity sha512-wOuvG1SN4Us4rez+tylwwwCV1psiNVOkJeM3AUWUNWg/jDQY2+HE/444y5gc+jBmRqASOm2Oeh5c1axHobwRKQ==

json-schema-to-ts@^2.5.5:
  version "2.5.5"
  resolved "https://registry.yarnpkg.com/json-schema-to-ts/-/json-schema-to-ts-2.5.5.tgz#09022355466dc07451b0d1235d4056ae67bceaa1"
  integrity sha512-GFD5t0fUnX/B0gE9xbHjxv2BwFXRJND2+OKoLoMElJ3XRJ7dOBlLT7KXpg96aETeZ0RJbAZOfqHALBf5k4aIIA==
  dependencies:
    "@types/json-schema" "^7.0.9"
    ts-algebra "^1.1.1"
    ts-toolbelt "^9.6.0"

openapi3-ts@^3.0.2:
  version "3.0.2"
  resolved "https://registry.yarnpkg.com/openapi3-ts/-/openapi3-ts-3.0.2.tgz#f32b852de33e26e4edf85be8be9c9110332b5e3d"
  integrity sha512-KF/06OkQPFSr9A+oadYYC3cIj8TZlzonREkQYFqx8i+wLllAxm6Bp8Fizo3jWXeIxZj/7V5LKtuNN/GxueWtcw==
  dependencies:
    yaml "^2.1.1"

ts-algebra@^1.1.1:
  version "1.1.1"
  resolved "https://registry.yarnpkg.com/ts-algebra/-/ts-algebra-1.1.1.tgz#f7593cabcfd64f9d7211fa4f16ea9719e02461bc"
  integrity sha512-W43a3/BN0Tp4SgRNERQF/QPVuY1rnHkgCr/fISLY0Ycu05P0NWPYRuViU8JFn+pFZuY6/zp9TgET1fxMzppR/Q==
  dependencies:
    ts-toolbelt "^9.6.0"

ts-toolbelt@^9.6.0:
  version "9.6.0"
  resolved "https://registry.yarnpkg.com/ts-toolbelt/-/ts-toolbelt-9.6.0.tgz#50a25426cfed500d4a09bd1b3afb6f28879edfd5"
  integrity sha512-nsZd8ZeNUzukXPlJmTBwUAuABDe/9qtVDelJeT/qW0ow3ZS3BsQJtNkan1802aM9Uf68/Y8ljw86Hu0h5IUW3w==

typescript@^4.8.3:
  version "4.8.3"
  resolved "https://registry.yarnpkg.com/typescript/-/typescript-4.8.3.tgz#d59344522c4bc464a65a730ac695007fdb66dd88"
  integrity sha512-goMHfm00nWPa8UvR/CPSvykqf6dVV8x/dp0c5mFTMTIu0u0FlGWRioyy7Nn0PGAdHxpJZnuO/ut+PpQ8UiHAig==

yaml@^2.1.1:
  version "2.1.1"
  resolved "https://registry.yarnpkg.com/yaml/-/yaml-2.1.1.tgz#1e06fb4ca46e60d9da07e4f786ea370ed3c3cfec"
  integrity sha512-o96x3OPo8GjWeSLF+wOAbrPfhFOGY0W00GNaxCDv+9hkcDJEnev1yh8S7pgHF0ik6zc8sQLuL8hjHjJULZp8bw==
